
Microsoft Visual Studio Solution File, Format Version 12.00
# Visual Studio 14
VisualStudioVersion = 14.0.25420.1
MinimumVisualStudioVersion = 10.0.40219.1
Project("{FAE04EC0-301F-11D3-BF4B-00C04F79EFBC}") = "GUI", "GUIprototype\GUI.csproj", "{3BC9474A-CCE2-4209-A221-F07A9BC05AF5}"
EndProject
Project("{FAE04EC0-301F-11D3-BF4B-00C04F79EFBC}") = "CompareText", "ClassLibraries\CompareTexts\CompareTexts\CompareText.csproj", "{3D3CD2B3-2694-45FA-ACAD-9B24040DEC2E}"
EndProject
Project("{FAE04EC0-301F-11D3-BF4B-00C04F79EFBC}") = "PathMakerToDatabase", "ClassLibraries\PathMakerToDatabase\PathMakerToDatabase\PathMakerToDatabase.csproj", "{C8440A83-B7F0-46F1-8544-1AB303B2444F}"
EndProject
Project("{FAE04EC0-301F-11D3-BF4B-00C04F79EFBC}") = "CheckLinkTrustworthinessLibrary", "ClassLibraries\CheckLinkTrustworthinessLibrary\CheckLinkTrustworthinessLibrary\CheckLinkTrustworthinessLibrary.csproj", "{88172E03-757B-428E-9E25-6ABCC18A9090}"
EndProject
Project("{FAE04EC0-301F-11D3-BF4B-00C04F79EFBC}") = "WebArticleURLToText", "WebArticleURLToText\WebArticleURLToText\WebArticleURLToText.csproj", "{3D866D74-7BC2-445C-9382-5FBAC0C87F9B}"
EndProject
Project("{FAE04EC0-301F-11D3-BF4B-00C04F79EFBC}") = "CosineSimilairtyLibrary", "CompareTexts\Class Libraries\CosineDistanceLibrary\CosineDistanceLibrary\CosineSimilairtyLibrary.csproj", "{8C66B8FC-39BF-49FE-8202-B0DB3764EE5F}"
EndProject
Project("{FAE04EC0-301F-11D3-BF4B-00C04F79EFBC}") = "JaccardSimilarityLibrary", "CompareTexts\Class Libraries\JaccardLibrary\JaccardLibrary\JaccardSimilarityLibrary.csproj", "{723AACF6-754E-4D8D-A06C-95FA5DF1AD57}"
EndProject
Project("{FAE04EC0-301F-11D3-BF4B-00C04F79EFBC}") = "LoadTextLibrary", "CompareTexts\Class Libraries\LoadTextLibrary\LoadTextLibrary\LoadTextLibrary.csproj", "{B7214CB6-2289-47B4-B149-CEC65FF7337B}"
EndProject
Project("{FAE04EC0-301F-11D3-BF4B-00C04F79EFBC}") = "ChangeDatabase", "ChangeDatabase\ChangeDatabase\ChangeDatabase\ChangeDatabase.csproj", "{F532D9EE-DFA4-4008-B36F-D4541C9FC1B7}"
EndProject
Project("{FAE04EC0-301F-11D3-BF4B-00C04F79EFBC}") = "JaccardSimilarityLibraryTests", "ClassLibraries\JaccardLibrary\JaccardSimilarityLibraryTests\JaccardSimilarityLibraryTests.csproj", "{7B4AEF85-FBB9-491B-B5DB-B63BB0BB3899}"
EndProject
Project("{FAE04EC0-301F-11D3-BF4B-00C04F79EFBC}") = "CosineSimilairtyLibraryTests", "ClassLibraries\CosineDistanceLibrary\CosineSimilairtyLibraryTests\CosineSimilairtyLibraryTests.csproj", "{53B3B415-AF63-4845-ABC9-161674CAE671}"
EndProject
Project("{FAE04EC0-301F-11D3-BF4B-00C04F79EFBC}") = "CompareTextTests", "CompareTexts\CompareTextTests\CompareTextTests.csproj", "{6580A9D9-CCB4-45D5-B5C0-92CF041C1FB1}"
EndProject
Project("{FAE04EC0-301F-11D3-BF4B-00C04F79EFBC}") = "ChangeDatabaseTests", "ChangeDatabase\ChangeDatabase\ChangeDatabaseTests\ChangeDatabaseTests.csproj", "{45C8FFA4-57EF-4608-946C-50C02E605366}"
EndProject
Project("{FAE04EC0-301F-11D3-BF4B-00C04F79EFBC}") = "LoadTextLibraryTests", "ClassLibraries\LoadTextLibrary\LoadTextLibraryTests2\LoadTextLibraryTests.csproj", "{F18C4383-F2C8-42E3-8FB7-5253E6276C47}"
EndProject
Global
	GlobalSection(SolutionConfigurationPlatforms) = preSolution
		Debug|Any CPU = Debug|Any CPU
		Release|Any CPU = Release|Any CPU
	EndGlobalSection
	GlobalSection(ProjectConfigurationPlatforms) = postSolution
		{3BC9474A-CCE2-4209-A221-F07A9BC05AF5}.Debug|Any CPU.ActiveCfg = Debug|Any CPU
		{3BC9474A-CCE2-4209-A221-F07A9BC05AF5}.Debug|Any CPU.Build.0 = Debug|Any CPU
		{3BC9474A-CCE2-4209-A221-F07A9BC05AF5}.Release|Any CPU.ActiveCfg = Release|Any CPU
		{3BC9474A-CCE2-4209-A221-F07A9BC05AF5}.Release|Any CPU.Build.0 = Release|Any CPU
		{3D3CD2B3-2694-45FA-ACAD-9B24040DEC2E}.Debug|Any CPU.ActiveCfg = Debug|Any CPU
		{3D3CD2B3-2694-45FA-ACAD-9B24040DEC2E}.Debug|Any CPU.Build.0 = Debug|Any CPU
		{3D3CD2B3-2694-45FA-ACAD-9B24040DEC2E}.Release|Any CPU.ActiveCfg = Release|Any CPU
		{3D3CD2B3-2694-45FA-ACAD-9B24040DEC2E}.Release|Any CPU.Build.0 = Release|Any CPU
		{C8440A83-B7F0-46F1-8544-1AB303B2444F}.Debug|Any CPU.ActiveCfg = Debug|Any CPU
		{C8440A83-B7F0-46F1-8544-1AB303B2444F}.Debug|Any CPU.Build.0 = Debug|Any CPU
		{C8440A83-B7F0-46F1-8544-1AB303B2444F}.Release|Any CPU.ActiveCfg = Release|Any CPU
		{C8440A83-B7F0-46F1-8544-1AB303B2444F}.Release|Any CPU.Build.0 = Release|Any CPU
		{88172E03-757B-428E-9E25-6ABCC18A9090}.Debug|Any CPU.ActiveCfg = Debug|Any CPU
		{88172E03-757B-428E-9E25-6ABCC18A9090}.Debug|Any CPU.Build.0 = Debug|Any CPU
		{88172E03-757B-428E-9E25-6ABCC18A9090}.Release|Any CPU.ActiveCfg = Release|Any CPU
		{88172E03-757B-428E-9E25-6ABCC18A9090}.Release|Any CPU.Build.0 = Release|Any CPU
		{3D866D74-7BC2-445C-9382-5FBAC0C87F9B}.Debug|Any CPU.ActiveCfg = Debug|Any CPU
		{3D866D74-7BC2-445C-9382-5FBAC0C87F9B}.Debug|Any CPU.Build.0 = Debug|Any CPU
		{3D866D74-7BC2-445C-9382-5FBAC0C87F9B}.Release|Any CPU.ActiveCfg = Release|Any CPU
		{3D866D74-7BC2-445C-9382-5FBAC0C87F9B}.Release|Any CPU.Build.0 = Release|Any CPU
		{8C66B8FC-39BF-49FE-8202-B0DB3764EE5F}.Debug|Any CPU.ActiveCfg = Debug|Any CPU
		{8C66B8FC-39BF-49FE-8202-B0DB3764EE5F}.Debug|Any CPU.Build.0 = Debug|Any CPU
		{8C66B8FC-39BF-49FE-8202-B0DB3764EE5F}.Release|Any CPU.ActiveCfg = Release|Any CPU
		{8C66B8FC-39BF-49FE-8202-B0DB3764EE5F}.Release|Any CPU.Build.0 = Release|Any CPU
		{723AACF6-754E-4D8D-A06C-95FA5DF1AD57}.Debug|Any CPU.ActiveCfg = Debug|Any CPU
		{723AACF6-754E-4D8D-A06C-95FA5DF1AD57}.Debug|Any CPU.Build.0 = Debug|Any CPU
		{723AACF6-754E-4D8D-A06C-95FA5DF1AD57}.Release|Any CPU.ActiveCfg = Release|Any CPU
		{723AACF6-754E-4D8D-A06C-95FA5DF1AD57}.Release|Any CPU.Build.0 = Release|Any CPU
		{B7214CB6-2289-47B4-B149-CEC65FF7337B}.Debug|Any CPU.ActiveCfg = Debug|Any CPU
		{B7214CB6-2289-47B4-B149-CEC65FF7337B}.Debug|Any CPU.Build.0 = Debug|Any CPU
		{B7214CB6-2289-47B4-B149-CEC65FF7337B}.Release|Any CPU.ActiveCfg = Release|Any CPU
		{B7214CB6-2289-47B4-B149-CEC65FF7337B}.Release|Any CPU.Build.0 = Release|Any CPU
		{F532D9EE-DFA4-4008-B36F-D4541C9FC1B7}.Debug|Any CPU.ActiveCfg = Debug|Any CPU
		{F532D9EE-DFA4-4008-B36F-D4541C9FC1B7}.Debug|Any CPU.Build.0 = Debug|Any CPU
		{F532D9EE-DFA4-4008-B36F-D4541C9FC1B7}.Release|Any CPU.ActiveCfg = Release|Any CPU
		{F532D9EE-DFA4-4008-B36F-D4541C9FC1B7}.Release|Any CPU.Build.0 = Release|Any CPU
		{7B4AEF85-FBB9-491B-B5DB-B63BB0BB3899}.Debug|Any CPU.ActiveCfg = Debug|Any CPU
		{7B4AEF85-FBB9-491B-B5DB-B63BB0BB3899}.Debug|Any CPU.Build.0 = Debug|Any CPU
		{7B4AEF85-FBB9-491B-B5DB-B63BB0BB3899}.Release|Any CPU.ActiveCfg = Release|Any CPU
		{7B4AEF85-FBB9-491B-B5DB-B63BB0BB3899}.Release|Any CPU.Build.0 = Release|Any CPU
		{53B3B415-AF63-4845-ABC9-161674CAE671}.Debug|Any CPU.ActiveCfg = Debug|Any CPU
		{53B3B415-AF63-4845-ABC9-161674CAE671}.Debug|Any CPU.Build.0 = Debug|Any CPU
		{53B3B415-AF63-4845-ABC9-161674CAE671}.Release|Any CPU.ActiveCfg = Release|Any CPU
		{53B3B415-AF63-4845-ABC9-161674CAE671}.Release|Any CPU.Build.0 = Release|Any CPU
		{6580A9D9-CCB4-45D5-B5C0-92CF041C1FB1}.Debug|Any CPU.ActiveCfg = Debug|Any CPU
		{6580A9D9-CCB4-45D5-B5C0-92CF041C1FB1}.Debug|Any CPU.Build.0 = Debug|Any CPU
		{6580A9D9-CCB4-45D5-B5C0-92CF041C1FB1}.Release|Any CPU.ActiveCfg = Release|Any CPU
		{6580A9D9-CCB4-45D5-B5C0-92CF041C1FB1}.Release|Any CPU.Build.0 = Release|Any CPU
		{45C8FFA4-57EF-4608-946C-50C02E605366}.Debug|Any CPU.ActiveCfg = Debug|Any CPU
		{45C8FFA4-57EF-4608-946C-50C02E605366}.Debug|Any CPU.Build.0 = Debug|Any CPU
		{45C8FFA4-57EF-4608-946C-50C02E605366}.Release|Any CPU.ActiveCfg = Release|Any CPU
		{45C8FFA4-57EF-4608-946C-50C02E605366}.Release|Any CPU.Build.0 = Release|Any CPU
		{F18C4383-F2C8-42E3-8FB7-5253E6276C47}.Debug|Any CPU.ActiveCfg = Debug|Any CPU
		{F18C4383-F2C8-42E3-8FB7-5253E6276C47}.Debug|Any CPU.Build.0 = Debug|Any CPU
		{F18C4383-F2C8-42E3-8FB7-5253E6276C47}.Release|Any CPU.ActiveCfg = Release|Any CPU
		{F18C4383-F2C8-42E3-8FB7-5253E6276C47}.Release|Any CPU.Build.0 = Release|Any CPU
	EndGlobalSection
	GlobalSection(SolutionProperties) = preSolution
		HideSolutionNode = FALSE
	EndGlobalSection
EndGlobal
